{
  "name": "workspace-example",
  "version": "1.23.4",
  "lockfileVersion": 2,
  "requires": true,
  "packages": {
    "": {
      "name": "workspace-example",
      "version": "1.23.4",
      "workspaces": [
        "main",
        "sub"
      ]
    },
    "main": {
      "dependencies": {
        "sub": ""
      }
    },
    "node_modules/main": {
      "resolved": "main",
      "link": true
    },
    "node_modules/sub": {
      "resolved": "sub",
      "link": true
    },
    "node_modules/typescript": {
      "version": "4.0.5",
      "resolved": "https://registry.npmjs.org/typescript/-/typescript-4.0.5.tgz",
      "integrity": "sha512-ywmr/VrTVCmNTJ6iV2LwIrfG1P+lv6luD8sUJs+2eI9NLGigaN+nUQc13iHqisq7bra9lnmUSYqbJvegraBOPQ==",
      "dev": true,
      "bin": {
        "tsc": "bin/tsc",
        "tsserver": "bin/tsserver"
      },
      "engines": {
        "node": ">=4.2.0"
      }
    },
    "sub": {
      "devDependencies": {
        "typescript": "^4.0.5"
      }
    }
  },
  "dependencies": {
    "main": {
      "version": "file:main",
      "requires": {
        "sub": ""
      }
    },
    "sub": {
      "version": "file:sub",
      "requires": {
        "typescript": "^4.0.5"
      }
    },
    "typescript": {
      "version": "4.0.5",
      "resolved": "https://registry.npmjs.org/typescript/-/typescript-4.0.5.tgz",
      "integrity": "sha512-ywmr/VrTVCmNTJ6iV2LwIrfG1P+lv6luD8sUJs+2eI9NLGigaN+nUQc13iHqisq7bra9lnmUSYqbJvegraBOPQ==",
      "dev": true
    }
  }
}
